// !$*UTF8*$!
{
	archiveVersion = 1;
	classes = {
	};
	objectVersion = 48;
	objects = {

/* Begin PBXBuildFile section */
		300BF0EF205579E200A55F5C /* NSData+MAdd.m in Sources */ = {isa = PBXBuildFile; fileRef = 300BF0EE205579E200A55F5C /* NSData+MAdd.m */; };
		300BF0F320557B2900A55F5C /* NSDate+MAdd.m in Sources */ = {isa = PBXBuildFile; fileRef = 300BF0F220557B2900A55F5C /* NSDate+MAdd.m */; };
		6D10D595204FCF550050E825 /* NSBundle+MAdd.m in Sources */ = {isa = PBXBuildFile; fileRef = 6D10D594204FCF550050E825 /* NSBundle+MAdd.m */; };
		6D10D598204FD2510050E825 /* NSMutableArray+MAdd.m in Sources */ = {isa = PBXBuildFile; fileRef = 6D10D597204FD2510050E825 /* NSMutableArray+MAdd.m */; };
		6D10D59C204FDD640050E825 /* NSObject+MAdd.m in Sources */ = {isa = PBXBuildFile; fileRef = 6D10D59B204FDD640050E825 /* NSObject+MAdd.m */; };
		6D10D5E520562F540050E825 /* NSDictionary+MAdd.m in Sources */ = {isa = PBXBuildFile; fileRef = 6D10D5E420562F540050E825 /* NSDictionary+MAdd.m */; };
		6D10D5E8205650EF0050E825 /* NSMutableDictionary+MAdd.m in Sources */ = {isa = PBXBuildFile; fileRef = 6D10D5E7205650EF0050E825 /* NSMutableDictionary+MAdd.m */; };
		6D10D5EC205658D20050E825 /* NSURL+MAdd.m in Sources */ = {isa = PBXBuildFile; fileRef = 6D10D5EB205658D20050E825 /* NSURL+MAdd.m */; };
		6D10D5F020565C980050E825 /* UIApplication+MAdd.m in Sources */ = {isa = PBXBuildFile; fileRef = 6D10D5EF20565C980050E825 /* UIApplication+MAdd.m */; };
		6D10D5F42056629F0050E825 /* UIButton+MAdd.m in Sources */ = {isa = PBXBuildFile; fileRef = 6D10D5F32056629F0050E825 /* UIButton+MAdd.m */; };
		6D10D5F820566F4D0050E825 /* UIColor+MAdd.m in Sources */ = {isa = PBXBuildFile; fileRef = 6D10D5F720566F4D0050E825 /* UIColor+MAdd.m */; };
		6D342A03204BCA8F00EEB0D3 /* AppDelegate.m in Sources */ = {isa = PBXBuildFile; fileRef = 6D342A02204BCA8F00EEB0D3 /* AppDelegate.m */; };
		6D342A06204BCA8F00EEB0D3 /* ViewController.m in Sources */ = {isa = PBXBuildFile; fileRef = 6D342A05204BCA8F00EEB0D3 /* ViewController.m */; };
		6D342A09204BCA8F00EEB0D3 /* Main.storyboard in Resources */ = {isa = PBXBuildFile; fileRef = 6D342A07204BCA8F00EEB0D3 /* Main.storyboard */; };
		6D342A0B204BCA8F00EEB0D3 /* Assets.xcassets in Resources */ = {isa = PBXBuildFile; fileRef = 6D342A0A204BCA8F00EEB0D3 /* Assets.xcassets */; };
		6D342A0E204BCA8F00EEB0D3 /* LaunchScreen.storyboard in Resources */ = {isa = PBXBuildFile; fileRef = 6D342A0C204BCA8F00EEB0D3 /* LaunchScreen.storyboard */; };
		6D342A11204BCA8F00EEB0D3 /* main.m in Sources */ = {isa = PBXBuildFile; fileRef = 6D342A10204BCA8F00EEB0D3 /* main.m */; };
		6D342A1A204BCAAC00EEB0D3 /* Info.plist in Resources */ = {isa = PBXBuildFile; fileRef = 6D342A18204BCAAC00EEB0D3 /* Info.plist */; };
		6D342A21204BCB0600EEB0D3 /* NSString+MAdd.m in Sources */ = {isa = PBXBuildFile; fileRef = 6D342A1D204BCB0500EEB0D3 /* NSString+MAdd.m */; };
		6D342A22204BCB0600EEB0D3 /* NSArray+MAdd.m in Sources */ = {isa = PBXBuildFile; fileRef = 6D342A20204BCB0600EEB0D3 /* NSArray+MAdd.m */; };
		6DFC8953204BDA7900F95579 /* UIView+MAdd.m in Sources */ = {isa = PBXBuildFile; fileRef = 6DFC8952204BDA7900F95579 /* UIView+MAdd.m */; };
/* End PBXBuildFile section */

/* Begin PBXFileReference section */
		300BF0ED205579E200A55F5C /* NSData+MAdd.h */ = {isa = PBXFileReference; lastKnownFileType = sourcecode.c.h; path = "NSData+MAdd.h"; sourceTree = "<group>"; };
		300BF0EE205579E200A55F5C /* NSData+MAdd.m */ = {isa = PBXFileReference; lastKnownFileType = sourcecode.c.objc; path = "NSData+MAdd.m"; sourceTree = "<group>"; };
		300BF0F120557B2900A55F5C /* NSDate+MAdd.h */ = {isa = PBXFileReference; lastKnownFileType = sourcecode.c.h; path = "NSDate+MAdd.h"; sourceTree = "<group>"; };
		300BF0F220557B2900A55F5C /* NSDate+MAdd.m */ = {isa = PBXFileReference; lastKnownFileType = sourcecode.c.objc; path = "NSDate+MAdd.m"; sourceTree = "<group>"; };
		6D10D593204FCF550050E825 /* NSBundle+MAdd.h */ = {isa = PBXFileReference; lastKnownFileType = sourcecode.c.h; path = "NSBundle+MAdd.h"; sourceTree = "<group>"; };
		6D10D594204FCF550050E825 /* NSBundle+MAdd.m */ = {isa = PBXFileReference; lastKnownFileType = sourcecode.c.objc; path = "NSBundle+MAdd.m"; sourceTree = "<group>"; };
		6D10D596204FD2510050E825 /* NSMutableArray+MAdd.h */ = {isa = PBXFileReference; lastKnownFileType = sourcecode.c.h; path = "NSMutableArray+MAdd.h"; sourceTree = "<group>"; };
		6D10D597204FD2510050E825 /* NSMutableArray+MAdd.m */ = {isa = PBXFileReference; lastKnownFileType = sourcecode.c.objc; path = "NSMutableArray+MAdd.m"; sourceTree = "<group>"; };
		6D10D59A204FDD640050E825 /* NSObject+MAdd.h */ = {isa = PBXFileReference; lastKnownFileType = sourcecode.c.h; path = "NSObject+MAdd.h"; sourceTree = "<group>"; };
		6D10D59B204FDD640050E825 /* NSObject+MAdd.m */ = {isa = PBXFileReference; lastKnownFileType = sourcecode.c.objc; path = "NSObject+MAdd.m"; sourceTree = "<group>"; };
		6D10D5E320562F540050E825 /* NSDictionary+MAdd.h */ = {isa = PBXFileReference; lastKnownFileType = sourcecode.c.h; path = "NSDictionary+MAdd.h"; sourceTree = "<group>"; };
		6D10D5E420562F540050E825 /* NSDictionary+MAdd.m */ = {isa = PBXFileReference; lastKnownFileType = sourcecode.c.objc; path = "NSDictionary+MAdd.m"; sourceTree = "<group>"; };
		6D10D5E6205650EF0050E825 /* NSMutableDictionary+MAdd.h */ = {isa = PBXFileReference; lastKnownFileType = sourcecode.c.h; path = "NSMutableDictionary+MAdd.h"; sourceTree = "<group>"; };
		6D10D5E7205650EF0050E825 /* NSMutableDictionary+MAdd.m */ = {isa = PBXFileReference; lastKnownFileType = sourcecode.c.objc; path = "NSMutableDictionary+MAdd.m"; sourceTree = "<group>"; };
		6D10D5EA205658D20050E825 /* NSURL+MAdd.h */ = {isa = PBXFileReference; lastKnownFileType = sourcecode.c.h; path = "NSURL+MAdd.h"; sourceTree = "<group>"; };
		6D10D5EB205658D20050E825 /* NSURL+MAdd.m */ = {isa = PBXFileReference; lastKnownFileType = sourcecode.c.objc; path = "NSURL+MAdd.m"; sourceTree = "<group>"; };
		6D10D5EE20565C980050E825 /* UIApplication+MAdd.h */ = {isa = PBXFileReference; lastKnownFileType = sourcecode.c.h; path = "UIApplication+MAdd.h"; sourceTree = "<group>"; };
		6D10D5EF20565C980050E825 /* UIApplication+MAdd.m */ = {isa = PBXFileReference; lastKnownFileType = sourcecode.c.objc; path = "UIApplication+MAdd.m"; sourceTree = "<group>"; };
		6D10D5F22056629F0050E825 /* UIButton+MAdd.h */ = {isa = PBXFileReference; lastKnownFileType = sourcecode.c.h; path = "UIButton+MAdd.h"; sourceTree = "<group>"; };
		6D10D5F32056629F0050E825 /* UIButton+MAdd.m */ = {isa = PBXFileReference; lastKnownFileType = sourcecode.c.objc; path = "UIButton+MAdd.m"; sourceTree = "<group>"; };
		6D10D5F620566F4D0050E825 /* UIColor+MAdd.h */ = {isa = PBXFileReference; lastKnownFileType = sourcecode.c.h; path = "UIColor+MAdd.h"; sourceTree = "<group>"; };
		6D10D5F720566F4D0050E825 /* UIColor+MAdd.m */ = {isa = PBXFileReference; lastKnownFileType = sourcecode.c.objc; path = "UIColor+MAdd.m"; sourceTree = "<group>"; };
		6D3429FE204BCA8F00EEB0D3 /* MCategorysExample.app */ = {isa = PBXFileReference; explicitFileType = wrapper.application; includeInIndex = 0; path = MCategorysExample.app; sourceTree = BUILT_PRODUCTS_DIR; };
		6D342A01204BCA8F00EEB0D3 /* AppDelegate.h */ = {isa = PBXFileReference; lastKnownFileType = sourcecode.c.h; path = AppDelegate.h; sourceTree = "<group>"; };
		6D342A02204BCA8F00EEB0D3 /* AppDelegate.m */ = {isa = PBXFileReference; lastKnownFileType = sourcecode.c.objc; path = AppDelegate.m; sourceTree = "<group>"; };
		6D342A04204BCA8F00EEB0D3 /* ViewController.h */ = {isa = PBXFileReference; lastKnownFileType = sourcecode.c.h; path = ViewController.h; sourceTree = "<group>"; };
		6D342A05204BCA8F00EEB0D3 /* ViewController.m */ = {isa = PBXFileReference; lastKnownFileType = sourcecode.c.objc; path = ViewController.m; sourceTree = "<group>"; };
		6D342A08204BCA8F00EEB0D3 /* Base */ = {isa = PBXFileReference; lastKnownFileType = file.storyboard; name = Base; path = Base.lproj/Main.storyboard; sourceTree = "<group>"; };
		6D342A0A204BCA8F00EEB0D3 /* Assets.xcassets */ = {isa = PBXFileReference; lastKnownFileType = folder.assetcatalog; path = Assets.xcassets; sourceTree = "<group>"; };
		6D342A0D204BCA8F00EEB0D3 /* Base */ = {isa = PBXFileReference; lastKnownFileType = file.storyboard; name = Base; path = Base.lproj/LaunchScreen.storyboard; sourceTree = "<group>"; };
		6D342A0F204BCA8F00EEB0D3 /* Info.plist */ = {isa = PBXFileReference; lastKnownFileType = text.plist.xml; path = Info.plist; sourceTree = "<group>"; };
		6D342A10204BCA8F00EEB0D3 /* main.m */ = {isa = PBXFileReference; lastKnownFileType = sourcecode.c.objc; path = main.m; sourceTree = "<group>"; };
		6D342A18204BCAAC00EEB0D3 /* Info.plist */ = {isa = PBXFileReference; fileEncoding = 4; lastKnownFileType = text.plist.xml; path = Info.plist; sourceTree = "<group>"; };
		6D342A19204BCAAC00EEB0D3 /* MCategorys.h */ = {isa = PBXFileReference; fileEncoding = 4; lastKnownFileType = sourcecode.c.h; path = MCategorys.h; sourceTree = "<group>"; };
		6D342A1C204BCB0500EEB0D3 /* NSString+MAdd.h */ = {isa = PBXFileReference; fileEncoding = 4; lastKnownFileType = sourcecode.c.h; path = "NSString+MAdd.h"; sourceTree = "<group>"; };
		6D342A1D204BCB0500EEB0D3 /* NSString+MAdd.m */ = {isa = PBXFileReference; fileEncoding = 4; lastKnownFileType = sourcecode.c.objc; path = "NSString+MAdd.m"; sourceTree = "<group>"; };
		6D342A1F204BCB0600EEB0D3 /* NSArray+MAdd.h */ = {isa = PBXFileReference; fileEncoding = 4; lastKnownFileType = sourcecode.c.h; path = "NSArray+MAdd.h"; sourceTree = "<group>"; };
		6D342A20204BCB0600EEB0D3 /* NSArray+MAdd.m */ = {isa = PBXFileReference; fileEncoding = 4; lastKnownFileType = sourcecode.c.objc; path = "NSArray+MAdd.m"; sourceTree = "<group>"; };
		6DFC8951204BDA7900F95579 /* UIView+MAdd.h */ = {isa = PBXFileReference; lastKnownFileType = sourcecode.c.h; path = "UIView+MAdd.h"; sourceTree = "<group>"; };
		6DFC8952204BDA7900F95579 /* UIView+MAdd.m */ = {isa = PBXFileReference; lastKnownFileType = sourcecode.c.objc; path = "UIView+MAdd.m"; sourceTree = "<group>"; };
/* End PBXFileReference section */

/* Begin PBXFrameworksBuildPhase section */
		6D3429FB204BCA8F00EEB0D3 /* Frameworks */ = {
			isa = PBXFrameworksBuildPhase;
			buildActionMask = 2147483647;
			files = (
			);
			runOnlyForDeploymentPostprocessing = 0;
		};
/* End PBXFrameworksBuildPhase section */

/* Begin PBXGroup section */
		300BF0EC205579CD00A55F5C /* NSData */ = {
			isa = PBXGroup;
			children = (
				300BF0ED205579E200A55F5C /* NSData+MAdd.h */,
				300BF0EE205579E200A55F5C /* NSData+MAdd.m */,
			);
			path = NSData;
			sourceTree = "<group>";
		};
		300BF0F020557B1600A55F5C /* NSDate */ = {
			isa = PBXGroup;
			children = (
				300BF0F120557B2900A55F5C /* NSDate+MAdd.h */,
				300BF0F220557B2900A55F5C /* NSDate+MAdd.m */,
			);
			path = NSDate;
			sourceTree = "<group>";
		};
		6D10D592204FCF420050E825 /* NSBundle */ = {
			isa = PBXGroup;
			children = (
				6D10D593204FCF550050E825 /* NSBundle+MAdd.h */,
				6D10D594204FCF550050E825 /* NSBundle+MAdd.m */,
			);
			path = NSBundle;
			sourceTree = "<group>";
		};
		6D10D599204FDD4F0050E825 /* NSObject */ = {
			isa = PBXGroup;
			children = (
				6D10D59A204FDD640050E825 /* NSObject+MAdd.h */,
				6D10D59B204FDD640050E825 /* NSObject+MAdd.m */,
			);
			path = NSObject;
			sourceTree = "<group>";
		};
		6D10D5E220562D5F0050E825 /* NSDictory */ = {
			isa = PBXGroup;
			children = (
				6D10D5E320562F540050E825 /* NSDictionary+MAdd.h */,
				6D10D5E420562F540050E825 /* NSDictionary+MAdd.m */,
				6D10D5E6205650EF0050E825 /* NSMutableDictionary+MAdd.h */,
				6D10D5E7205650EF0050E825 /* NSMutableDictionary+MAdd.m */,
			);
			path = NSDictory;
			sourceTree = "<group>";
		};
		6D10D5E9205658C20050E825 /* NSURL */ = {
			isa = PBXGroup;
			children = (
				6D10D5EA205658D20050E825 /* NSURL+MAdd.h */,
				6D10D5EB205658D20050E825 /* NSURL+MAdd.m */,
			);
			path = NSURL;
			sourceTree = "<group>";
		};
		6D10D5ED20565C7C0050E825 /* UIApplication */ = {
			isa = PBXGroup;
			children = (
				6D10D5EE20565C980050E825 /* UIApplication+MAdd.h */,
				6D10D5EF20565C980050E825 /* UIApplication+MAdd.m */,
			);
			path = UIApplication;
			sourceTree = "<group>";
		};
		6D10D5F1205662900050E825 /* UIButton */ = {
			isa = PBXGroup;
			children = (
				6D10D5F22056629F0050E825 /* UIButton+MAdd.h */,
				6D10D5F32056629F0050E825 /* UIButton+MAdd.m */,
			);
			path = UIButton;
			sourceTree = "<group>";
		};
		6D10D5F520566F3F0050E825 /* UIColor */ = {
			isa = PBXGroup;
			children = (
				6D10D5F620566F4D0050E825 /* UIColor+MAdd.h */,
				6D10D5F720566F4D0050E825 /* UIColor+MAdd.m */,
			);
			path = UIColor;
			sourceTree = "<group>";
		};
		6D3429F5204BCA8F00EEB0D3 = {
			isa = PBXGroup;
			children = (
				6D342A00204BCA8F00EEB0D3 /* MCategorysExample */,
				6D3429FF204BCA8F00EEB0D3 /* Products */,
			);
			sourceTree = "<group>";
		};
		6D3429FF204BCA8F00EEB0D3 /* Products */ = {
			isa = PBXGroup;
			children = (
				6D3429FE204BCA8F00EEB0D3 /* MCategorysExample.app */,
			);
			name = Products;
			sourceTree = "<group>";
		};
		6D342A00204BCA8F00EEB0D3 /* MCategorysExample */ = {
			isa = PBXGroup;
			children = (
				6D342A17204BCAAC00EEB0D3 /* MCategorys */,
				6D342A01204BCA8F00EEB0D3 /* AppDelegate.h */,
				6D342A02204BCA8F00EEB0D3 /* AppDelegate.m */,
				6D342A04204BCA8F00EEB0D3 /* ViewController.h */,
				6D342A05204BCA8F00EEB0D3 /* ViewController.m */,
				6D342A07204BCA8F00EEB0D3 /* Main.storyboard */,
				6D342A0A204BCA8F00EEB0D3 /* Assets.xcassets */,
				6D342A0C204BCA8F00EEB0D3 /* LaunchScreen.storyboard */,
				6D342A0F204BCA8F00EEB0D3 /* Info.plist */,
				6D342A10204BCA8F00EEB0D3 /* main.m */,
			);
			path = MCategorysExample;
			sourceTree = "<group>";
		};
		6D342A17204BCAAC00EEB0D3 /* MCategorys */ = {
			isa = PBXGroup;
			children = (
				6D10D5F520566F3F0050E825 /* UIColor */,
				6D10D5F1205662900050E825 /* UIButton */,
				6D10D5ED20565C7C0050E825 /* UIApplication */,
				6D10D5E9205658C20050E825 /* NSURL */,
				6D10D5E220562D5F0050E825 /* NSDictory */,
				300BF0F020557B1600A55F5C /* NSDate */,
				300BF0EC205579CD00A55F5C /* NSData */,
				6D10D599204FDD4F0050E825 /* NSObject */,
				6D10D592204FCF420050E825 /* NSBundle */,
				6D342A18204BCAAC00EEB0D3 /* Info.plist */,
				6D342A19204BCAAC00EEB0D3 /* MCategorys.h */,
				6DFC8950204BD9EA00F95579 /* UIView */,
				6D342A1E204BCB0600EEB0D3 /* NSArray */,
				6D342A1B204BCB0500EEB0D3 /* NSString */,
			);
			name = MCategorys;
			path = ../../MCategorys;
			sourceTree = "<group>";
		};
		6D342A1B204BCB0500EEB0D3 /* NSString */ = {
			isa = PBXGroup;
			children = (
				6D342A1C204BCB0500EEB0D3 /* NSString+MAdd.h */,
				6D342A1D204BCB0500EEB0D3 /* NSString+MAdd.m */,
			);
			path = NSString;
			sourceTree = "<group>";
		};
		6D342A1E204BCB0600EEB0D3 /* NSArray */ = {
			isa = PBXGroup;
			children = (
				6D342A1F204BCB0600EEB0D3 /* NSArray+MAdd.h */,
				6D342A20204BCB0600EEB0D3 /* NSArray+MAdd.m */,
				6D10D596204FD2510050E825 /* NSMutableArray+MAdd.h */,
				6D10D597204FD2510050E825 /* NSMutableArray+MAdd.m */,
			);
			path = NSArray;
			sourceTree = "<group>";
		};
		6DFC8950204BD9EA00F95579 /* UIView */ = {
			isa = PBXGroup;
			children = (
				6DFC8951204BDA7900F95579 /* UIView+MAdd.h */,
				6DFC8952204BDA7900F95579 /* UIView+MAdd.m */,
			);
			path = UIView;
			sourceTree = "<group>";
		};
/* End PBXGroup section */

/* Begin PBXNativeTarget section */
		6D3429FD204BCA8F00EEB0D3 /* MCategorysExample */ = {
			isa = PBXNativeTarget;
			buildConfigurationList = 6D342A14204BCA8F00EEB0D3 /* Build configuration list for PBXNativeTarget "MCategorysExample" */;
			buildPhases = (
				6D3429FA204BCA8F00EEB0D3 /* Sources */,
				6D3429FB204BCA8F00EEB0D3 /* Frameworks */,
				6D3429FC204BCA8F00EEB0D3 /* Resources */,
			);
			buildRules = (
			);
			dependencies = (
			);
			name = MCategorysExample;
			productName = MCategorysExample;
			productReference = 6D3429FE204BCA8F00EEB0D3 /* MCategorysExample.app */;
			productType = "com.apple.product-type.application";
		};
/* End PBXNativeTarget section */

/* Begin PBXProject section */
		6D3429F6204BCA8F00EEB0D3 /* Project object */ = {
			isa = PBXProject;
			attributes = {
				LastUpgradeCheck = 0920;
				ORGANIZATIONNAME = Magic;
				TargetAttributes = {
					6D3429FD204BCA8F00EEB0D3 = {
						CreatedOnToolsVersion = 9.2;
						ProvisioningStyle = Automatic;
					};
				};
			};
			buildConfigurationList = 6D3429F9204BCA8F00EEB0D3 /* Build configuration list for PBXProject "MCategorysExample" */;
			compatibilityVersion = "Xcode 8.0";
			developmentRegion = en;
			hasScannedForEncodings = 0;
			knownRegions = (
				en,
				Base,
			);
			mainGroup = 6D3429F5204BCA8F00EEB0D3;
			productRefGroup = 6D3429FF204BCA8F00EEB0D3 /* Products */;
			projectDirPath = "";
			projectRoot = "";
			targets = (
				6D3429FD204BCA8F00EEB0D3 /* MCategorysExample */,
			);
		};
/* End PBXProject section */

/* Begin PBXResourcesBuildPhase section */
		6D3429FC204BCA8F00EEB0D3 /* Resources */ = {
			isa = PBXResourcesBuildPhase;
			buildActionMask = 2147483647;
			files = (
				6D342A1A204BCAAC00EEB0D3 /* Info.plist in Resources */,
				6D342A0E204BCA8F00EEB0D3 /* LaunchScreen.storyboard in Resources */,
				6D342A0B204BCA8F00EEB0D3 /* Assets.xcassets in Resources */,
				6D342A09204BCA8F00EEB0D3 /* Main.storyboard in Resources */,
			);
			runOnlyForDeploymentPostprocessing = 0;
		};
/* End PBXResourcesBuildPhase section */

/* Begin PBXSourcesBuildPhase section */
		6D3429FA204BCA8F00EEB0D3 /* Sources */ = {
			isa = PBXSourcesBuildPhase;
			buildActionMask = 2147483647;
			files = (
				6D10D5EC205658D20050E825 /* NSURL+MAdd.m in Sources */,
				300BF0EF205579E200A55F5C /* NSData+MAdd.m in Sources */,
				6DFC8953204BDA7900F95579 /* UIView+MAdd.m in Sources */,
				6D10D5E520562F540050E825 /* NSDictionary+MAdd.m in Sources */,
				6D342A06204BCA8F00EEB0D3 /* ViewController.m in Sources */,
				6D10D5F42056629F0050E825 /* UIButton+MAdd.m in Sources */,
				300BF0F320557B2900A55F5C /* NSDate+MAdd.m in Sources */,
				6D342A22204BCB0600EEB0D3 /* NSArray+MAdd.m in Sources */,
				6D10D598204FD2510050E825 /* NSMutableArray+MAdd.m in Sources */,
				6D10D5F020565C980050E825 /* UIApplication+MAdd.m in Sources */,
				6D342A11204BCA8F00EEB0D3 /* main.m in Sources */,
				6D342A03204BCA8F00EEB0D3 /* AppDelegate.m in Sources */,
				6D10D595204FCF550050E825 /* NSBundle+MAdd.m in Sources */,
				6D10D59C204FDD640050E825 /* NSObject+MAdd.m in Sources */,
				6D10D5E8205650EF0050E825 /* NSMutableDictionary+MAdd.m in Sources */,
				6D342A21204BCB0600EEB0D3 /* NSString+MAdd.m in Sources */,
				6D10D5F820566F4D0050E825 /* UIColor+MAdd.m in Sources */,
			);
			runOnlyForDeploymentPostprocessing = 0;
		};
/* End PBXSourcesBuildPhase section */

/* Begin PBXVariantGroup section */
		6D342A07204BCA8F00EEB0D3 /* Main.storyboard */ = {
			isa = PBXVariantGroup;
			children = (
				6D342A08204BCA8F00EEB0D3 /* Base */,
			);
			name = Main.storyboard;
			sourceTree = "<group>";
		};
		6D342A0C204BCA8F00EEB0D3 /* LaunchScreen.storyboard */ = {
			isa = PBXVariantGroup;
			children = (
				6D342A0D204BCA8F00EEB0D3 /* Base */,
			);
			name = LaunchScreen.storyboard;
			sourceTree = "<group>";
		};
/* End PBXVariantGroup section */

/* Begin XCBuildConfiguration section */
		6D342A12204BCA8F00EEB0D3 /* Debug */ = {
			isa = XCBuildConfiguration;
			buildSettings = {
				ALWAYS_SEARCH_USER_PATHS = NO;
				CLANG_ANALYZER_NONNULL = YES;
				CLANG_ANALYZER_NUMBER_OBJECT_CONVERSION = YES_AGGRESSIVE;
				CLANG_CXX_LANGUAGE_STANDARD = "gnu++14";
				CLANG_CXX_LIBRARY = "libc++";
				CLANG_ENABLE_MODULES = YES;
				CLANG_ENABLE_OBJC_ARC = YES;
				CLANG_WARN_BLOCK_CAPTURE_AUTORELEASING = YES;
				CLANG_WARN_BOOL_CONVERSION = YES;
				CLANG_WARN_COMMA = YES;
				CLANG_WARN_CONSTANT_CONVERSION = YES;
				CLANG_WARN_DIRECT_OBJC_ISA_USAGE = YES_ERROR;
				CLANG_WARN_DOCUMENTATION_COMMENTS = YES;
				CLANG_WARN_EMPTY_BODY = YES;
				CLANG_WARN_ENUM_CONVERSION = YES;
				CLANG_WARN_INFINITE_RECURSION = YES;
				CLANG_WARN_INT_CONVERSION = YES;
				CLANG_WARN_NON_LITERAL_NULL_CONVERSION = YES;
				CLANG_WARN_OBJC_LITERAL_CONVERSION = YES;
				CLANG_WARN_OBJC_ROOT_CLASS = YES_ERROR;
				CLANG_WARN_RANGE_LOOP_ANALYSIS = YES;
				CLANG_WARN_STRICT_PROTOTYPES = YES;
				CLANG_WARN_SUSPICIOUS_MOVE = YES;
				CLANG_WARN_UNGUARDED_AVAILABILITY = YES_AGGRESSIVE;
				CLANG_WARN_UNREACHABLE_CODE = YES;
				CLANG_WARN__DUPLICATE_METHOD_MATCH = YES;
				CODE_SIGN_IDENTITY = "iPhone Developer";
				COPY_PHASE_STRIP = NO;
				DEBUG_INFORMATION_FORMAT = dwarf;
				ENABLE_STRICT_OBJC_MSGSEND = YES;
				ENABLE_TESTABILITY = YES;
				GCC_C_LANGUAGE_STANDARD = gnu11;
				GCC_DYNAMIC_NO_PIC = NO;
				GCC_NO_COMMON_BLOCKS = YES;
				GCC_OPTIMIZATION_LEVEL = 0;
				GCC_PREPROCESSOR_DEFINITIONS = (
					"DEBUG=1",
					"$(inherited)",
				);
				GCC_WARN_64_TO_32_BIT_CONVERSION = YES;
				GCC_WARN_ABOUT_RETURN_TYPE = YES_ERROR;
				GCC_WARN_UNDECLARED_SELECTOR = YES;
				GCC_WARN_UNINITIALIZED_AUTOS = YES_AGGRESSIVE;
				GCC_WARN_UNUSED_FUNCTION = YES;
				GCC_WARN_UNUSED_VARIABLE = YES;
				IPHONEOS_DEPLOYMENT_TARGET = 11.2;
				MTL_ENABLE_DEBUG_INFO = YES;
				ONLY_ACTIVE_ARCH = YES;
				SDKROOT = iphoneos;
			};
			name = Debug;
		};
		6D342A13204BCA8F00EEB0D3 /* Release */ = {
			isa = XCBuildConfiguration;
			buildSettings = {
				ALWAYS_SEARCH_USER_PATHS = NO;
				CLANG_ANALYZER_NONNULL = YES;
				CLANG_ANALYZER_NUMBER_OBJECT_CONVERSION = YES_AGGRESSIVE;
				CLANG_CXX_LANGUAGE_STANDARD = "gnu++14";
				CLANG_CXX_LIBRARY = "libc++";
				CLANG_ENABLE_MODULES = YES;
				CLANG_ENABLE_OBJC_ARC = YES;
				CLANG_WARN_BLOCK_CAPTURE_AUTORELEASING = YES;
				CLANG_WARN_BOOL_CONVERSION = YES;
				CLANG_WARN_COMMA = YES;
				CLANG_WARN_CONSTANT_CONVERSION = YES;
				CLANG_WARN_DIRECT_OBJC_ISA_USAGE = YES_ERROR;
				CLANG_WARN_DOCUMENTATION_COMMENTS = YES;
				CLANG_WARN_EMPTY_BODY = YES;
				CLANG_WARN_ENUM_CONVERSION = YES;
				CLANG_WARN_INFINITE_RECURSION = YES;
				CLANG_WARN_INT_CONVERSION = YES;
				CLANG_WARN_NON_LITERAL_NULL_CONVERSION = YES;
				CLANG_WARN_OBJC_LITERAL_CONVERSION = YES;
				CLANG_WARN_OBJC_ROOT_CLASS = YES_ERROR;
				CLANG_WARN_RANGE_LOOP_ANALYSIS = YES;
				CLANG_WARN_STRICT_PROTOTYPES = YES;
				CLANG_WARN_SUSPICIOUS_MOVE = YES;
				CLANG_WARN_UNGUARDED_AVAILABILITY = YES_AGGRESSIVE;
				CLANG_WARN_UNREACHABLE_CODE = YES;
				CLANG_WARN__DUPLICATE_METHOD_MATCH = YES;
				CODE_SIGN_IDENTITY = "iPhone Developer";
				COPY_PHASE_STRIP = NO;
				DEBUG_INFORMATION_FORMAT = "dwarf-with-dsym";
				ENABLE_NS_ASSERTIONS = NO;
				ENABLE_STRICT_OBJC_MSGSEND = YES;
				GCC_C_LANGUAGE_STANDARD = gnu11;
				GCC_NO_COMMON_BLOCKS = YES;
				GCC_WARN_64_TO_32_BIT_CONVERSION = YES;
				GCC_WARN_ABOUT_RETURN_TYPE = YES_ERROR;
				GCC_WARN_UNDECLARED_SELECTOR = YES;
				GCC_WARN_UNINITIALIZED_AUTOS = YES_AGGRESSIVE;
				GCC_WARN_UNUSED_FUNCTION = YES;
				GCC_WARN_UNUSED_VARIABLE = YES;
				IPHONEOS_DEPLOYMENT_TARGET = 11.2;
				MTL_ENABLE_DEBUG_INFO = NO;
				SDKROOT = iphoneos;
				VALIDATE_PRODUCT = YES;
			};
			name = Release;
		};
		6D342A15204BCA8F00EEB0D3 /* Debug */ = {
			isa = XCBuildConfiguration;
			buildSettings = {
				ASSETCATALOG_COMPILER_APPICON_NAME = AppIcon;
				CODE_SIGN_STYLE = Automatic;
				INFOPLIST_FILE = MCategorysExample/Info.plist;
				IPHONEOS_DEPLOYMENT_TARGET = 8.0;
				LD_RUNPATH_SEARCH_PATHS = "$(inherited) @executable_path/Frameworks";
				PRODUCT_BUNDLE_IDENTIFIER = com.magic.MCategorysExample;
				PRODUCT_NAME = "$(TARGET_NAME)";
				TARGETED_DEVICE_FAMILY = "1,2";
			};
			name = Debug;
		};
		6D342A16204BCA8F00EEB0D3 /* Release */ = {
			isa = XCBuildConfiguration;
			buildSettings = {
				ASSETCATALOG_COMPILER_APPICON_NAME = AppIcon;
				CODE_SIGN_STYLE = Automatic;
				INFOPLIST_FILE = MCategorysExample/Info.plist;
				IPHONEOS_DEPLOYMENT_TARGET = 8.0;
				LD_RUNPATH_SEARCH_PATHS = "$(inherited) @executable_path/Frameworks";
				PRODUCT_BUNDLE_IDENTIFIER = com.magic.MCategorysExample;
				PRODUCT_NAME = "$(TARGET_NAME)";
				TARGETED_DEVICE_FAMILY = "1,2";
			};
			name = Release;
		};
/* End XCBuildConfiguration section */

/* Begin XCConfigurationList section */
		6D3429F9204BCA8F00EEB0D3 /* Build configuration list for PBXProject "MCategorysExample" */ = {
			isa = XCConfigurationList;
			buildConfigurations = (
				6D342A12204BCA8F00EEB0D3 /* Debug */,
				6D342A13204BCA8F00EEB0D3 /* Release */,
			);
			defaultConfigurationIsVisible = 0;
			defaultConfigurationName = Release;
		};
		6D342A14204BCA8F00EEB0D3 /* Build configuration list for PBXNativeTarget "MCategorysExample" */ = {
			isa = XCConfigurationList;
			buildConfigurations = (
				6D342A15204BCA8F00EEB0D3 /* Debug */,
				6D342A16204BCA8F00EEB0D3 /* Release */,
			);
			defaultConfigurationIsVisible = 0;
			defaultConfigurationName = Release;
		};
/* End XCConfigurationList section */
	};
	rootObject = 6D3429F6204BCA8F00EEB0D3 /* Project object */;
}
